
Microsoft Visual Studio Solution File, Format Version 12.00
# Visual Studio Version 16
VisualStudioVersion = 16.0.30114.105
MinimumVisualStudioVersion = 10.0.40219.1
Project("{FAE04EC0-301F-11D3-BF4B-00C04F79EFBC}") = "Lab22", "Lab22\Lab22.csproj", "{DC1CBAD1-1623-4FCC-BBFD-BE9E370A83FC}"
EndProject
Global
	GlobalSection(SolutionConfigurationPlatforms) = preSolution
		Debug|Any CPU = Debug|Any CPU
		Release|Any CPU = Release|Any CPU
	EndGlobalSection
	GlobalSection(ProjectConfigurationPlatforms) = postSolution
		{DC1CBAD1-1623-4FCC-BBFD-BE9E370A83FC}.Debug|Any CPU.ActiveCfg = Debug|Any CPU
		{DC1CBAD1-1623-4FCC-BBFD-BE9E370A83FC}.Debug|Any CPU.Build.0 = Debug|Any CPU
		{DC1CBAD1-1623-4FCC-BBFD-BE9E370A83FC}.Release|Any CPU.ActiveCfg = Release|Any CPU
		{DC1CBAD1-1623-4FCC-BBFD-BE9E370A83FC}.Release|Any CPU.Build.0 = Release|Any CPU
	EndGlobalSection
	GlobalSection(SolutionProperties) = preSolution
		HideSolutionNode = FALSE
	EndGlobalSection
	GlobalSection(ExtensibilityGlobals) = postSolution
		SolutionGuid = {986A9A53-A929-4F72-9CA6-82D3062E013F}
	EndGlobalSection
EndGlobal
